{
  "lockfile_version": "1",
  "packages": {
    "bandit@1.8.5": {
      "last_modified": "2025-07-28T17:09:23Z",
      "resolved": "github:NixOS/nixpkgs/648f70160c03151bc2121d179291337ad6bc564b#bandit",
      "source": "devbox-search",
      "version": "1.8.5",
      "systems": {
        "aarch64-darwin": {
          "outputs": [
            {
              "name": "out",
              "path": "/nix/store/df7z5fqsd16ddvldbps5vxxjqjbv1ckp-python3.13-bandit-1.8.5",
              "default": true
            },
            {
              "name": "dist",
              "path": "/nix/store/7xgn7kh68gszkdsbjg5j1nynx87kdybj-python3.13-bandit-1.8.5-dist"
            }
          ],
          "store_path": "/nix/store/df7z5fqsd16ddvldbps5vxxjqjbv1ckp-python3.13-bandit-1.8.5"
        },
        "aarch64-linux": {
          "outputs": [
            {
              "name": "out",
              "path": "/nix/store/ppbas1vaw2r9x92vjpqiggkhj9xa99lg-python3.13-bandit-1.8.5",
              "default": true
            },
            {
              "name": "dist",
              "path": "/nix/store/vbg8va5dpyani2sl78dvm682kr3i4j6j-python3.13-bandit-1.8.5-dist"
            }
          ],
          "store_path": "/nix/store/ppbas1vaw2r9x92vjpqiggkhj9xa99lg-python3.13-bandit-1.8.5"
        },
        "x86_64-darwin": {
          "outputs": [
            {
              "name": "out",
              "path": "/nix/store/r8mp8idfn2pq2cfr0xx1ndzggr35z58s-python3.13-bandit-1.8.5",
              "default": true
            },
            {
              "name": "dist",
              "path": "/nix/store/llhng6wbydlgc5siz2cr9mfbbggq5b3d-python3.13-bandit-1.8.5-dist"
            }
          ],
          "store_path": "/nix/store/r8mp8idfn2pq2cfr0xx1ndzggr35z58s-python3.13-bandit-1.8.5"
        },
        "x86_64-linux": {
          "outputs": [
            {
              "name": "out",
              "path": "/nix/store/9587mcz6x3brvqca5i61d1l0rlq6j8px-python3.13-bandit-1.8.5",
              "default": true
            },
            {
              "name": "dist",
              "path": "/nix/store/6g4msd51fyx3ivy0wysar0cs79lzg7l4-python3.13-bandit-1.8.5-dist"
            }
          ],
          "store_path": "/nix/store/9587mcz6x3brvqca5i61d1l0rlq6j8px-python3.13-bandit-1.8.5"
        }
      }
    },
    "bash@5.2p37": {
      "last_modified": "2025-07-25T08:26:56Z",
      "resolved": "github:NixOS/nixpkgs/6027c30c8e9810896b92429f0092f624f7b1aace#bash",
      "source": "devbox-search",
      "version": "5.2p37",
      "systems": {
        "aarch64-darwin": {
          "outputs": [
            {
              "name": "out",
              "path": "/nix/store/r8mys58rvggcf63p4rf308fdm1z3zalp-bash-interactive-5.2p37",
              "default": true
            },
            {
              "name": "man",
              "path": "/nix/store/3g9pwbzp8c28yb07mhsyw0n2rx9y1a6h-bash-interactive-5.2p37-man",
              "default": true
            },
            {
              "name": "doc",
              "path": "/nix/store/ayimcp8jykw7f4c0j1c222kxn5c7dkpm-bash-interactive-5.2p37-doc"
            },
            {
              "name": "info",
              "path": "/nix/store/pd598gflgjyacnvsapridw9qd4qhlvla-bash-interactive-5.2p37-info"
            },
            {
              "name": "dev",
              "path": "/nix/store/c3w5g0ks2x9827s3987qjp79ca0iv0pl-bash-interactive-5.2p37-dev"
            }
          ],
          "store_path": "/nix/store/r8mys58rvggcf63p4rf308fdm1z3zalp-bash-interactive-5.2p37"
        },
        "aarch64-linux": {
          "outputs": [
            {
              "name": "out",
              "path": "/nix/store/am9k8b7hdld0a0x8jwc9z1plk0137rbh-bash-interactive-5.2p37",
              "default": true
            },
            {
              "name": "man",
              "path": "/nix/store/4cn42zi999alaxljl4fqg88whk5c1dha-bash-interactive-5.2p37-man",
              "default": true
            },
            {
              "name": "debug",
              "path": "/nix/store/sndpckv1x4rj18n6ld56k4dggcbn7jcb-bash-interactive-5.2p37-debug"
            },
            {
              "name": "dev",
              "path": "/nix/store/jzzlcd3rphix0vgaac81nncmybs5aqx6-bash-interactive-5.2p37-dev"
            },
            {
              "name": "doc",
              "path": "/nix/store/c5c454v3fphfz5dkm84f54hin1ycchaj-bash-interactive-5.2p37-doc"
            },
            {
              "name": "info",
              "path": "/nix/store/781q0jn3lrb0nlhsr0lq2qmbq6ah7kgf-bash-interactive-5.2p37-info"
            }
          ],
          "store_path": "/nix/store/am9k8b7hdld0a0x8jwc9z1plk0137rbh-bash-interactive-5.2p37"
        },
        "x86_64-darwin": {
          "outputs": [
            {
              "name": "out",
              "path": "/nix/store/gy9id3fyi8jldv0wyqc76pwd63n3pccb-bash-interactive-5.2p37",
              "default": true
            },
            {
              "name": "man",
              "path": "/nix/store/n6h4l2rhxjf0xgv4lsz2h1kd1qq4nhm9-bash-interactive-5.2p37-man",
              "default": true
            },
            {
              "name": "dev",
              "path": "/nix/store/rnxrd8yw1y4g0w21hnwsarwar3cm67qr-bash-interactive-5.2p37-dev"
            },
            {
              "name": "doc",
              "path": "/nix/store/cs9k7vjg4j88s183nqf263gyqvj6s9kf-bash-interactive-5.2p37-doc"
            },
            {
              "name": "info",
              "path": "/nix/store/xvr61yf7v6vh1p5iz2zjnin86vz9ssk3-bash-interactive-5.2p37-info"
            }
          ],
          "store_path": "/nix/store/gy9id3fyi8jldv0wyqc76pwd63n3pccb-bash-interactive-5.2p37"
        },
        "x86_64-linux": {
          "outputs": [
            {
              "name": "out",
              "path": "/nix/store/345523198bcsdzay55pfiimkiajq6lq8-bash-interactive-5.2p37",
              "default": true
            },
            {
              "name": "man",
              "path": "/nix/store/4q8mvi2299fva95zng5mmzx5cfn55arm-bash-interactive-5.2p37-man",
              "default": true
            },
            {
              "name": "debug",
              "path": "/nix/store/2v3flxqmfzpy9nd2xpc764ns18k1f0jn-bash-interactive-5.2p37-debug"
            },
            {
              "name": "dev",
              "path": "/nix/store/k701sazxr55f6r766g20gc4jc0fa8vqm-bash-interactive-5.2p37-dev"
            },
            {
              "name": "doc",
              "path": "/nix/store/ch4abqj73gl5qykjishy5n7xzhx55pxz-bash-interactive-5.2p37-doc"
            },
            {
              "name": "info",
              "path": "/nix/store/ndqjkzwnw2ri8k8g67r1fcyka90l84j2-bash-interactive-5.2p37-info"
            }
          ],
          "store_path": "/nix/store/345523198bcsdzay55pfiimkiajq6lq8-bash-interactive-5.2p37"
        }
      }
    },
    "git@2.48.1": {
      "last_modified": "2025-03-27T11:50:31Z",
      "resolved": "github:NixOS/nixpkgs/6c5963357f3c1c840201eda129a99d455074db04#git",
      "source": "devbox-search",
      "version": "2.48.1",
      "systems": {
        "aarch64-darwin": {
          "outputs": [
            {
              "name": "out",
              "path": "/nix/store/b3sci30zzzlj3rzj1y89cijnd6zcwapk-git-2.48.1",
              "default": true
            },
            {
              "name": "doc",
              "path": "/nix/store/086knqdw7fjgzczp0i6nad95s2v6jbya-git-2.48.1-doc"
            }
          ],
          "store_path": "/nix/store/b3sci30zzzlj3rzj1y89cijnd6zcwapk-git-2.48.1"
        },
        "aarch64-linux": {
          "outputs": [
            {
              "name": "out",
              "path": "/nix/store/pck1dr5jxrd5b8nmfasbn13z422jhcfm-git-2.48.1",
              "default": true
            },
            {
              "name": "debug",
              "path": "/nix/store/xqqsvzlilh843rm6knykyng81apapr33-git-2.48.1-debug"
            },
            {
              "name": "doc",
              "path": "/nix/store/485b32ys0s2dvjfisn7405ildmpqvfzk-git-2.48.1-doc"
            }
          ],
          "store_path": "/nix/store/pck1dr5jxrd5b8nmfasbn13z422jhcfm-git-2.48.1"
        },
        "x86_64-darwin": {
          "outputs": [
            {
              "name": "out",
              "path": "/nix/store/9qjzgsf9mvdp6sfd7xyzhgrahl2qhhp6-git-2.48.1",
              "default": true
            },
            {
              "name": "doc",
              "path": "/nix/store/cgv7qa0ix059ma9a0qac0bywfvl3k7k2-git-2.48.1-doc"
            }
          ],
          "store_path": "/nix/store/9qjzgsf9mvdp6sfd7xyzhgrahl2qhhp6-git-2.48.1"
        },
        "x86_64-linux": {
          "outputs": [
            {
              "name": "out",
              "path": "/nix/store/lqx2rv26sdndpa2vyy2vxsahj03km69z-git-2.48.1",
              "default": true
            },
            {
              "name": "doc",
              "path": "/nix/store/hjczhs1dm3hzij7mx5c91rkzqvkb89av-git-2.48.1-doc"
            },
            {
              "name": "debug",
              "path": "/nix/store/bk8xndavdnc2qgyvc6hcc8h29lk9jzqb-git-2.48.1-debug"
            }
          ],
          "store_path": "/nix/store/lqx2rv26sdndpa2vyy2vxsahj03km69z-git-2.48.1"
        }
      }
    },
    "github:NixOS/nixpkgs/nixpkgs-unstable": {
      "last_modified": "2026-02-08T07:51:33Z",
      "resolved": "github:NixOS/nixpkgs/fef9403a3e4d31b0a23f0bacebbec52c248fbb51?lastModified=1770537093&narHash=sha256-pF1quXG5wsgtyuPOHcLfYg%2Fft%2FQMr8NnX0i6tW2187s%3D"
    },
    "gnumake@4.4.1": {
      "last_modified": "2026-01-30T02:32:49Z",
      "resolved": "github:NixOS/nixpkgs/6308c3b21396534d8aaeac46179c14c439a89b8a#gnumake",
      "source": "devbox-search",
      "version": "4.4.1",
      "systems": {
        "aarch64-darwin": {
          "outputs": [
            {
              "name": "out",
              "path": "/nix/store/cz4rjcd28s9qqk2zcnn9d8pgs5l6qqy9-gnumake-4.4.1",
              "default": true
            },
            {
              "name": "man",
              "path": "/nix/store/2cd4idcvj4fnn4ss1ffz9fqagfhvjpy1-gnumake-4.4.1-man",
              "default": true
            },
            {
              "name": "doc",
              "path": "/nix/store/8cnmyqhnlxpl7k9z15cridfdd9kka64b-gnumake-4.4.1-doc"
            },
            {
              "name": "info",
              "path": "/nix/store/jar06k1k53zsig2iah8vaw1y9r0wxa55-gnumake-4.4.1-info"
            }
          ],
          "store_path": "/nix/store/cz4rjcd28s9qqk2zcnn9d8pgs5l6qqy9-gnumake-4.4.1"
        },
        "aarch64-linux": {
          "outputs": [
            {
              "name": "out",
              "path": "/nix/store/z9wllcd2plhx8863ka0zfh0mffxm6jir-gnumake-4.4.1",
              "default": true
            },
            {
              "name": "man",
              "path": "/nix/store/i0rnnv9fm87c0228z34pgvk24ifqn6bm-gnumake-4.4.1-man",
              "default": true
            },
            {
              "name": "debug",
              "path": "/nix/store/4wnafz38wr2jld58vr5j41b6mc4n26r6-gnumake-4.4.1-debug"
            },
            {
              "name": "doc",
              "path": "/nix/store/15r3aanv0lh7mqi1gm3l8blpcnp05qzy-gnumake-4.4.1-doc"
            },
            {
              "name": "info",
              "path": "/nix/store/gjd78rqz1k94n1c2s2kip126f8gjbb6g-gnumake-4.4.1-info"
            }
          ],
          "store_path": "/nix/store/z9wllcd2plhx8863ka0zfh0mffxm6jir-gnumake-4.4.1"
        },
        "x86_64-darwin": {
          "outputs": [
            {
              "name": "out",
              "path": "/nix/store/sqp22z2pm7s7n0wb3al4c3h47shw5aic-gnumake-4.4.1",
              "default": true
            },
            {
              "name": "man",
              "path": "/nix/store/x7p2q0wx9828p9n8r3pisbijncsfphvr-gnumake-4.4.1-man",
              "default": true
            },
            {
              "name": "doc",
              "path": "/nix/store/2kpsfrqzyr0kzckkdjbqnsdcz2d719lk-gnumake-4.4.1-doc"
            },
            {
              "name": "info",
              "path": "/nix/store/jlb9r2mzq8660lhn9my1pgri15jiqljq-gnumake-4.4.1-info"
            }
          ],
          "store_path": "/nix/store/sqp22z2pm7s7n0wb3al4c3h47shw5aic-gnumake-4.4.1"
        },
        "x86_64-linux": {
          "outputs": [
            {
              "name": "out",
              "path": "/nix/store/5lyy21zm97pj8l67r2xapdkxpxb6v6y0-gnumake-4.4.1",
              "default": true
            },
            {
              "name": "man",
              "path": "/nix/store/an38a5jy0ivp1504yjbzgl4prvhjnix7-gnumake-4.4.1-man",
              "default": true
            },
            {
              "name": "debug",
              "path": "/nix/store/fa0f3msdrc5il96nn5qvrbhf6779vvh1-gnumake-4.4.1-debug"
            },
            {
              "name": "doc",
              "path": "/nix/store/j2vz6gm38023yfg359cnawzvabqc0w9v-gnumake-4.4.1-doc"
            },
            {
              "name": "info",
              "path": "/nix/store/2pqq9mdchp0s0cgl1qqql38v502kbdi1-gnumake-4.4.1-info"
            }
          ],
          "store_path": "/nix/store/5lyy21zm97pj8l67r2xapdkxpxb6v6y0-gnumake-4.4.1"
        }
      }
    },
    "pre-commit@4.2.0": {
      "last_modified": "2025-08-11T07:05:29Z",
      "resolved": "github:NixOS/nixpkgs/9585e9192aadc13ec3e49f33f8333bd3cda524df#pre-commit",
      "source": "devbox-search",
      "version": "4.2.0",
      "systems": {
        "aarch64-darwin": {
          "outputs": [
            {
              "name": "out",
              "path": "/nix/store/awyg4wwb7w117sr32zbw453yylzy1sv5-pre-commit-4.2.0",
              "default": true
            },
            {
              "name": "dist",
              "path": "/nix/store/6j8b2k8vcm8ff3fwrwpkxr2q796yqwzl-pre-commit-4.2.0-dist"
            }
          ],
          "store_path": "/nix/store/awyg4wwb7w117sr32zbw453yylzy1sv5-pre-commit-4.2.0"
        },
        "aarch64-linux": {
          "outputs": [
            {
              "name": "out",
              "path": "/nix/store/z7aiyfndjqrzk0igjdzjf2sab137083p-pre-commit-4.2.0",
              "default": true
            },
            {
              "name": "dist",
              "path": "/nix/store/mr9jivn3fc4g4ncb25ij73481ilmba4k-pre-commit-4.2.0-dist"
            }
          ],
          "store_path": "/nix/store/z7aiyfndjqrzk0igjdzjf2sab137083p-pre-commit-4.2.0"
        },
        "x86_64-darwin": {
          "outputs": [
            {
              "name": "out",
              "path": "/nix/store/mx4vjrjzfxsarwkx12ddvn18kvphsds4-pre-commit-4.2.0",
              "default": true
            },
            {
              "name": "dist",
              "path": "/nix/store/hgf3j4hj0ng2xwq71n5a8j02y6zha5gq-pre-commit-4.2.0-dist"
            }
          ],
          "store_path": "/nix/store/mx4vjrjzfxsarwkx12ddvn18kvphsds4-pre-commit-4.2.0"
        },
        "x86_64-linux": {
          "outputs": [
            {
              "name": "out",
              "path": "/nix/store/h9f0ac5z0scz7fp4p8xznw2m04xx45in-pre-commit-4.2.0",
              "default": true
            },
            {
              "name": "dist",
              "path": "/nix/store/k9svwjpac38jf5c1zlxdhvhpk3ljf57r-pre-commit-4.2.0-dist"
            }
          ],
          "store_path": "/nix/store/h9f0ac5z0scz7fp4p8xznw2m04xx45in-pre-commit-4.2.0"
        }
      }
    },
    "python312Packages.pdoc@15.0.4": {
      "last_modified": "2025-11-23T21:50:36Z",
      "resolved": "github:NixOS/nixpkgs/ee09932cedcef15aaf476f9343d1dea2cb77e261#python312Packages.pdoc",
      "source": "devbox-search",
      "version": "15.0.4",
      "systems": {
        "aarch64-darwin": {
          "outputs": [
            {
              "name": "out",
              "path": "/nix/store/qwdk2xg5sbsxn1fzwglb6m21m41si0l6-python3.12-pdoc-15.0.4",
              "default": true
            },
            {
              "name": "dist",
              "path": "/nix/store/898n6xvxhl70a5kvxqjzym9p012lr4nb-python3.12-pdoc-15.0.4-dist"
            }
          ],
          "store_path": "/nix/store/qwdk2xg5sbsxn1fzwglb6m21m41si0l6-python3.12-pdoc-15.0.4"
        },
        "aarch64-linux": {
          "outputs": [
            {
              "name": "out",
              "path": "/nix/store/lw62cqa79flx2jslq3w1k4lamfwawa35-python3.12-pdoc-15.0.4",
              "default": true
            },
            {
              "name": "dist",
              "path": "/nix/store/y41blfqh6h4z9d3s56cp4mfyw4k6yvxx-python3.12-pdoc-15.0.4-dist"
            }
          ],
          "store_path": "/nix/store/lw62cqa79flx2jslq3w1k4lamfwawa35-python3.12-pdoc-15.0.4"
        },
        "x86_64-darwin": {
          "outputs": [
            {
              "name": "out",
              "path": "/nix/store/5p7j24g5nkisc5vbq4jilcn0pgqfh284-python3.12-pdoc-15.0.4",
              "default": true
            },
            {
              "name": "dist",
              "path": "/nix/store/2nyfv3j5ykbpj91cdl8i2v1lzr51s258-python3.12-pdoc-15.0.4-dist"
            }
          ],
          "store_path": "/nix/store/5p7j24g5nkisc5vbq4jilcn0pgqfh284-python3.12-pdoc-15.0.4"
        },
        "x86_64-linux": {
          "outputs": [
            {
              "name": "out",
              "path": "/nix/store/mc9l5fa671hikppandi941clpmdljsp4-python3.12-pdoc-15.0.4",
              "default": true
            },
            {
              "name": "dist",
              "path": "/nix/store/hbppzdcfh3vxf5cf4yaz5yrbgz4fhgpi-python3.12-pdoc-15.0.4-dist"
            }
          ],
          "store_path": "/nix/store/mc9l5fa671hikppandi941clpmdljsp4-python3.12-pdoc-15.0.4"
        }
      }
    },
    "python@3.12.3": {
      "last_modified": "2024-06-12T20:55:33Z",
      "plugin_version": "0.0.4",
      "resolved": "github:NixOS/nixpkgs/a9858885e197f984d92d7fe64e9fff6b2e488d40#python312",
      "source": "devbox-search",
      "version": "3.12.3",
      "systems": {
        "aarch64-darwin": {
          "outputs": [
            {
              "name": "out",
              "path": "/nix/store/65ackbgqn02p6fy75rksjbp17zj6440j-python3-3.12.3",
              "default": true
            }
          ],
          "store_path": "/nix/store/65ackbgqn02p6fy75rksjbp17zj6440j-python3-3.12.3"
        },
        "aarch64-linux": {
          "outputs": [
            {
              "name": "out",
              "path": "/nix/store/59siylp1k9i3ch4d9m3vs5jp5z56b5sg-python3-3.12.3",
              "default": true
            },
            {
              "name": "debug",
              "path": "/nix/store/ji094818a78hrkag26202b21nr5v1pgk-python3-3.12.3-debug"
            }
          ],
          "store_path": "/nix/store/59siylp1k9i3ch4d9m3vs5jp5z56b5sg-python3-3.12.3"
        },
        "x86_64-darwin": {
          "outputs": [
            {
              "name": "out",
              "path": "/nix/store/nrskm5p85y6751k02ih51bpzfag8g5r8-python3-3.12.3",
              "default": true
            }
          ],
          "store_path": "/nix/store/nrskm5p85y6751k02ih51bpzfag8g5r8-python3-3.12.3"
        },
        "x86_64-linux": {
          "outputs": [
            {
              "name": "out",
              "path": "/nix/store/zwvdwiw0zg5liz6lkkkqyab035parhld-python3-3.12.3",
              "default": true
            },
            {
              "name": "debug",
              "path": "/nix/store/wj6mffmpvly3md2hqnq2jj8zrrw5qck9-python3-3.12.3-debug"
            }
          ],
          "store_path": "/nix/store/zwvdwiw0zg5liz6lkkkqyab035parhld-python3-3.12.3"
        }
      }
    },
    "ruff@0.12.2": {
      "last_modified": "2025-07-04T10:39:05Z",
      "resolved": "github:NixOS/nixpkgs/c860cf0b3a0829f0f6cf344ca8de83a2bbfab428#ruff",
      "source": "devbox-search",
      "version": "0.12.2",
      "systems": {
        "aarch64-darwin": {
          "outputs": [
            {
              "name": "out",
              "path": "/nix/store/n4fwdrnhriykllm5n9l26nmwxjj5lr0n-ruff-0.12.2",
              "default": true
            }
          ],
          "store_path": "/nix/store/n4fwdrnhriykllm5n9l26nmwxjj5lr0n-ruff-0.12.2"
        },
        "aarch64-linux": {
          "outputs": [
            {
              "name": "out",
              "path": "/nix/store/hx7g79zbbbxkwvgs0np18aldvg1vphkx-ruff-0.12.2",
              "default": true
            }
          ],
          "store_path": "/nix/store/hx7g79zbbbxkwvgs0np18aldvg1vphkx-ruff-0.12.2"
        },
        "x86_64-darwin": {
          "outputs": [
            {
              "name": "out",
              "path": "/nix/store/hy7mkckn5a7kppfavixqlph4i8dbkjqg-ruff-0.12.2",
              "default": true
            }
          ],
          "store_path": "/nix/store/hy7mkckn5a7kppfavixqlph4i8dbkjqg-ruff-0.12.2"
        },
        "x86_64-linux": {
          "outputs": [
            {
              "name": "out",
              "path": "/nix/store/5qaaflll204w79dg407wfcp43gi6nzbw-ruff-0.12.2",
              "default": true
            }
          ],
          "store_path": "/nix/store/5qaaflll204w79dg407wfcp43gi6nzbw-ruff-0.12.2"
        }
      }
    },
    "uv@0.6.10": {
      "last_modified": "2025-03-26T18:47:43Z",
      "resolved": "github:NixOS/nixpkgs/bd3bac8bfb542dbde7ffffb6987a1a1f9d41699f#uv",
      "source": "devbox-search",
      "version": "0.6.10",
      "systems": {
        "aarch64-darwin": {
          "outputs": [
            {
              "name": "out",
              "path": "/nix/store/mxbd5dskidm87s7pkifn4j999xvgw1l4-uv-0.6.10",
              "default": true
            }
          ],
          "store_path": "/nix/store/mxbd5dskidm87s7pkifn4j999xvgw1l4-uv-0.6.10"
        },
        "aarch64-linux": {
          "outputs": [
            {
              "name": "out",
              "path": "/nix/store/92zlw4nxh07nfbk0pj0ig37bc2j1n72z-uv-0.6.10",
              "default": true
            }
          ],
          "store_path": "/nix/store/92zlw4nxh07nfbk0pj0ig37bc2j1n72z-uv-0.6.10"
        },
        "x86_64-darwin": {
          "outputs": [
            {
              "name": "out",
              "path": "/nix/store/jrv7awaxyr77ksx6fjm7nqrqxx54svg3-uv-0.6.10",
              "default": true
            }
          ],
          "store_path": "/nix/store/jrv7awaxyr77ksx6fjm7nqrqxx54svg3-uv-0.6.10"
        },
        "x86_64-linux": {
          "outputs": [
            {
              "name": "out",
              "path": "/nix/store/jcg8fnn76jdvf3aygbkh350cs9hgr9jb-uv-0.6.10",
              "default": true
            }
          ],
          "store_path": "/nix/store/jcg8fnn76jdvf3aygbkh350cs9hgr9jb-uv-0.6.10"
        }
      }
    }
  }
}
